
Microsoft Visual Studio Solution File, Format Version 12.00
# Visual Studio Version 17
VisualStudioVersion = 17.11.35222.181
MinimumVisualStudioVersion = 10.0.40219.1
Project("{9A19103F-16F7-4668-BE54-9A1E7A4F7556}") = "ZlgCanWpf", "ZlgCanWpf.csproj", "{D3A0A2D8-A11D-46A0-8D7A-345DDDB4BB28}"
EndProject
Global
	GlobalSection(SolutionConfigurationPlatforms) = preSolution
		Debug|x64 = Debug|x64
		Release|x64 = Release|x64
	EndGlobalSection
	GlobalSection(ProjectConfigurationPlatforms) = postSolution
		{D3A0A2D8-A11D-46A0-8D7A-345DDDB4BB28}.Debug|x64.ActiveCfg = Debug|x64
		{D3A0A2D8-A11D-46A0-8D7A-345DDDB4BB28}.Debug|x64.Build.0 = Debug|x64
		{D3A0A2D8-A11D-46A0-8D7A-345DDDB4BB28}.Release|x64.ActiveCfg = Release|x64
		{D3A0A2D8-A11D-46A0-8D7A-345DDDB4BB28}.Release|x64.Build.0 = Release|x64
	EndGlobalSection
	GlobalSection(SolutionProperties) = preSolution
		HideSolutionNode = FALSE
	EndGlobalSection
	GlobalSection(ExtensibilityGlobals) = postSolution
		SolutionGuid = {74B6F1E2-6C1E-4E8C-BBDA-7DB23470AAF2}
	EndGlobalSection
EndGlobal
